
Microsoft Visual Studio Solution File, Format Version 12.00
# Visual Studio 15
Project("{FAE04EC0-301F-11D3-BF4B-00C04F79EFBC}") = "UnityEngine.TestRunner", "UnityEngine.TestRunner.csproj", "{AF227DAD-9180-ABAB-58AF-6D607A81DAD8}"
EndProject
Project("{FAE04EC0-301F-11D3-BF4B-00C04F79EFBC}") = "Unity.VisualScripting.Flow", "Unity.VisualScripting.Flow.csproj", "{65DC7A5C-24CD-B720-C4C8-0D9A46BC27BE}"
EndProject
Project("{FAE04EC0-301F-11D3-BF4B-00C04F79EFBC}") = "Unity.Mathematics", "Unity.Mathematics.csproj", "{81C3E6B8-409E-642F-782C-5F0232D48FE8}"
EndProject
Project("{FAE04EC0-301F-11D3-BF4B-00C04F79EFBC}") = "Unity.Services.Core.Telemetry", "Unity.Services.Core.Telemetry.csproj", "{CBFEB80B-CB09-0D90-4A46-9823B1E1E5B8}"
EndProject
Project("{FAE04EC0-301F-11D3-BF4B-00C04F79EFBC}") = "Unity.InputSystem", "Unity.InputSystem.csproj", "{F10C0B9C-49D3-468B-4EC4-F69FFFF4FB31}"
EndProject
Project("{FAE04EC0-301F-11D3-BF4B-00C04F79EFBC}") = "Unity.VisualScripting.State", "Unity.VisualScripting.State.csproj", "{A670D5B7-D86B-C3F3-B891-6F75CB58C891}"
EndProject
Project("{FAE04EC0-301F-11D3-BF4B-00C04F79EFBC}") = "Unity.VisualScripting.Core", "Unity.VisualScripting.Core.csproj", "{223FC4AE-1ED0-DF33-BE27-B5986D215311}"
EndProject
Project("{FAE04EC0-301F-11D3-BF4B-00C04F79EFBC}") = "Unity.Animation.Rigging", "Unity.Animation.Rigging.csproj", "{B27AF912-BCEC-15D3-34B5-BF547249D11A}"
EndProject
Project("{FAE04EC0-301F-11D3-BF4B-00C04F79EFBC}") = "Unity.Services.Core.Environments.Internal", "Unity.Services.Core.Environments.Internal.csproj", "{3E87E650-1A3C-A1DE-87AE-8C13A873A7FF}"
EndProject
Project("{FAE04EC0-301F-11D3-BF4B-00C04F79EFBC}") = "Unity.Burst", "Unity.Burst.csproj", "{4B69C4CD-5CC6-03C9-8E0B-0211D99BAFAB}"
EndProject
Project("{FAE04EC0-301F-11D3-BF4B-00C04F79EFBC}") = "Unity.TextMeshPro", "Unity.TextMeshPro.csproj", "{AD5EA292-F6A1-CE9A-EB5E-F6D80076F2A3}"
EndProject
Project("{FAE04EC0-301F-11D3-BF4B-00C04F79EFBC}") = "Unity.Timeline", "Unity.Timeline.csproj", "{23FA1033-596B-2EB3-E0B1-AA4550D5170A}"
EndProject
Project("{FAE04EC0-301F-11D3-BF4B-00C04F79EFBC}") = "Unity.Services.Core", "Unity.Services.Core.csproj", "{EDD8F6A3-6948-684A-D3C7-604D81107BE9}"
EndProject
Project("{FAE04EC0-301F-11D3-BF4B-00C04F79EFBC}") = "Unity.Services.Core.Environments", "Unity.Services.Core.Environments.csproj", "{32110EBE-669E-3BC6-F714-635C14632986}"
EndProject
Project("{FAE04EC0-301F-11D3-BF4B-00C04F79EFBC}") = "Unity.Services.Core.Internal", "Unity.Services.Core.Internal.csproj", "{54DBB4F5-F22C-9C05-BE82-3D6EBB2233FE}"
EndProject
Project("{FAE04EC0-301F-11D3-BF4B-00C04F79EFBC}") = "Unity.Services.Core.Analytics", "Unity.Services.Core.Analytics.csproj", "{B3EB8C47-B3F3-3D76-B9DD-DCFFADDDF693}"
EndProject
Project("{FAE04EC0-301F-11D3-BF4B-00C04F79EFBC}") = "Assembly-CSharp", "Assembly-CSharp.csproj", "{007A189E-7F63-AF47-875A-0E5907B48BFB}"
EndProject
Project("{FAE04EC0-301F-11D3-BF4B-00C04F79EFBC}") = "Unity.Services.Core.Scheduler", "Unity.Services.Core.Scheduler.csproj", "{7F57BEDE-B5E8-1B08-B56A-BAAA79A4EB21}"
EndProject
Project("{FAE04EC0-301F-11D3-BF4B-00C04F79EFBC}") = "Unity.Services.Core.Registration", "Unity.Services.Core.Registration.csproj", "{7F27D120-81AC-208E-D78D-16B44208A187}"
EndProject
Project("{FAE04EC0-301F-11D3-BF4B-00C04F79EFBC}") = "Unity.Services.Core.Device", "Unity.Services.Core.Device.csproj", "{03445C2E-C108-EDA4-D58C-7934BDD04D7B}"
EndProject
Project("{FAE04EC0-301F-11D3-BF4B-00C04F79EFBC}") = "Unity.Services.Core.Threading", "Unity.Services.Core.Threading.csproj", "{5DC2F73A-0D12-02A2-8DA5-EB51F4BA8FBD}"
EndProject
Project("{FAE04EC0-301F-11D3-BF4B-00C04F79EFBC}") = "Unity.Services.Core.Networking", "Unity.Services.Core.Networking.csproj", "{09D54128-9995-9659-A484-F51DA93FACCD}"
EndProject
Project("{FAE04EC0-301F-11D3-BF4B-00C04F79EFBC}") = "Unity.Services.Core.Configuration", "Unity.Services.Core.Configuration.csproj", "{84C5FD93-A39B-8887-FC9E-ECF48E15D159}"
EndProject
Project("{FAE04EC0-301F-11D3-BF4B-00C04F79EFBC}") = "Unity.PlasticSCM.Editor", "Unity.PlasticSCM.Editor.csproj", "{9B4A7AC1-8688-958F-BB73-9D9C66704460}"
EndProject
Project("{FAE04EC0-301F-11D3-BF4B-00C04F79EFBC}") = "Unity.VisualScripting.Core.Editor", "Unity.VisualScripting.Core.Editor.csproj", "{8281EB1B-7C02-0DF5-C504-71255A918612}"
EndProject
Project("{FAE04EC0-301F-11D3-BF4B-00C04F79EFBC}") = "Unity.VisualScripting.Flow.Editor", "Unity.VisualScripting.Flow.Editor.csproj", "{FA8472E1-81B9-2629-3773-0BD83AE6442B}"
EndProject
Project("{FAE04EC0-301F-11D3-BF4B-00C04F79EFBC}") = "Unity.VisualStudio.Editor", "Unity.VisualStudio.Editor.csproj", "{790EA26F-CEFF-3253-894C-E2356A5C0596}"
EndProject
Project("{FAE04EC0-301F-11D3-BF4B-00C04F79EFBC}") = "Unity.Timeline.Editor", "Unity.Timeline.Editor.csproj", "{8F5C41F1-2B91-0460-F6CA-EF67E62B59E1}"
EndProject
Project("{FAE04EC0-301F-11D3-BF4B-00C04F79EFBC}") = "Unity.VisualScripting.State.Editor", "Unity.VisualScripting.State.Editor.csproj", "{42C98B57-80F5-BBA3-A1F1-548B881F4C50}"
EndProject
Project("{FAE04EC0-301F-11D3-BF4B-00C04F79EFBC}") = "Unity.TextMeshPro.Editor", "Unity.TextMeshPro.Editor.csproj", "{FCACA7F7-FE41-CA65-FD58-9DEAAC381E66}"
EndProject
Project("{FAE04EC0-301F-11D3-BF4B-00C04F79EFBC}") = "Unity.VisualScripting.SettingsProvider.Editor", "Unity.VisualScripting.SettingsProvider.Editor.csproj", "{B495F6A9-1AF3-FD44-C0FA-701DBBBFD686}"
EndProject
Project("{FAE04EC0-301F-11D3-BF4B-00C04F79EFBC}") = "Unity.CollabProxy.Editor", "Unity.CollabProxy.Editor.csproj", "{8CDE17B1-D554-6A32-6A7B-CB035D25EC84}"
EndProject
Project("{FAE04EC0-301F-11D3-BF4B-00C04F79EFBC}") = "UnityEditor.TestRunner", "UnityEditor.TestRunner.csproj", "{012684FD-24FC-37A6-7FCC-A59D33EA8448}"
EndProject
Project("{FAE04EC0-301F-11D3-BF4B-00C04F79EFBC}") = "Unity.Services.Core.Editor", "Unity.Services.Core.Editor.csproj", "{B69E803F-D78E-AD6A-B437-48CA73296B1A}"
EndProject
Project("{FAE04EC0-301F-11D3-BF4B-00C04F79EFBC}") = "Unity.Rider.Editor", "Unity.Rider.Editor.csproj", "{2D09A99C-A78E-D4A5-E617-D24948C7F8D8}"
EndProject
Project("{FAE04EC0-301F-11D3-BF4B-00C04F79EFBC}") = "Unity.Animation.Rigging.Editor", "Unity.Animation.Rigging.Editor.csproj", "{88705B95-7597-A680-3D71-99F4A8AAD11F}"
EndProject
Project("{FAE04EC0-301F-11D3-BF4B-00C04F79EFBC}") = "Unity.Searcher.Editor", "Unity.Searcher.Editor.csproj", "{702A515E-4E92-5D88-72BE-90BDCEE8A88C}"
EndProject
Project("{FAE04EC0-301F-11D3-BF4B-00C04F79EFBC}") = "Unity.Burst.CodeGen", "Unity.Burst.CodeGen.csproj", "{C026DCE7-B936-C45E-E68B-CEA84D42982E}"
EndProject
Project("{FAE04EC0-301F-11D3-BF4B-00C04F79EFBC}") = "Unity.VSCode.Editor", "Unity.VSCode.Editor.csproj", "{A2035A3E-4CBD-9174-E48C-55C47C80360E}"
EndProject
Project("{FAE04EC0-301F-11D3-BF4B-00C04F79EFBC}") = "Unity.Mathematics.Editor", "Unity.Mathematics.Editor.csproj", "{35E73A6B-B60B-B266-55B6-DDB4AFF14730}"
EndProject
Project("{FAE04EC0-301F-11D3-BF4B-00C04F79EFBC}") = "Unity.Services.Core.Configuration.Editor", "Unity.Services.Core.Configuration.Editor.csproj", "{34F26859-70BA-A2E8-6ED2-76D5CEF89D5F}"
EndProject
Project("{FAE04EC0-301F-11D3-BF4B-00C04F79EFBC}") = "Unity.Burst.Editor", "Unity.Burst.Editor.csproj", "{FDB5F274-6D2D-A913-2FD4-E5C0968EDD1D}"
EndProject
Project("{FAE04EC0-301F-11D3-BF4B-00C04F79EFBC}") = "Unity.VisualScripting.Shared.Editor", "Unity.VisualScripting.Shared.Editor.csproj", "{DCCC2EED-AE7D-71F4-8B22-96D5598D70AA}"
EndProject
Global
	GlobalSection(SolutionConfigurationPlatforms) = preSolution
		Debug|Any CPU = Debug|Any CPU
		Release|Any CPU = Release|Any CPU
	EndGlobalSection
	GlobalSection(ProjectConfigurationPlatforms) = postSolution
		{AF227DAD-9180-ABAB-58AF-6D607A81DAD8}.Debug|Any CPU.ActiveCfg = Debug|Any CPU
		{AF227DAD-9180-ABAB-58AF-6D607A81DAD8}.Debug|Any CPU.Build.0 = Debug|Any CPU
		{AF227DAD-9180-ABAB-58AF-6D607A81DAD8}.Release|Any CPU.ActiveCfg = Release|Any CPU
		{AF227DAD-9180-ABAB-58AF-6D607A81DAD8}.Release|Any CPU.Build.0 = Release|Any CPU
		{65DC7A5C-24CD-B720-C4C8-0D9A46BC27BE}.Debug|Any CPU.ActiveCfg = Debug|Any CPU
		{65DC7A5C-24CD-B720-C4C8-0D9A46BC27BE}.Debug|Any CPU.Build.0 = Debug|Any CPU
		{65DC7A5C-24CD-B720-C4C8-0D9A46BC27BE}.Release|Any CPU.ActiveCfg = Release|Any CPU
		{65DC7A5C-24CD-B720-C4C8-0D9A46BC27BE}.Release|Any CPU.Build.0 = Release|Any CPU
		{81C3E6B8-409E-642F-782C-5F0232D48FE8}.Debug|Any CPU.ActiveCfg = Debug|Any CPU
		{81C3E6B8-409E-642F-782C-5F0232D48FE8}.Debug|Any CPU.Build.0 = Debug|Any CPU
		{81C3E6B8-409E-642F-782C-5F0232D48FE8}.Release|Any CPU.ActiveCfg = Release|Any CPU
		{81C3E6B8-409E-642F-782C-5F0232D48FE8}.Release|Any CPU.Build.0 = Release|Any CPU
		{CBFEB80B-CB09-0D90-4A46-9823B1E1E5B8}.Debug|Any CPU.ActiveCfg = Debug|Any CPU
		{CBFEB80B-CB09-0D90-4A46-9823B1E1E5B8}.Debug|Any CPU.Build.0 = Debug|Any CPU
		{CBFEB80B-CB09-0D90-4A46-9823B1E1E5B8}.Release|Any CPU.ActiveCfg = Release|Any CPU
		{CBFEB80B-CB09-0D90-4A46-9823B1E1E5B8}.Release|Any CPU.Build.0 = Release|Any CPU
		{F10C0B9C-49D3-468B-4EC4-F69FFFF4FB31}.Debug|Any CPU.ActiveCfg = Debug|Any CPU
		{F10C0B9C-49D3-468B-4EC4-F69FFFF4FB31}.Debug|Any CPU.Build.0 = Debug|Any CPU
		{F10C0B9C-49D3-468B-4EC4-F69FFFF4FB31}.Release|Any CPU.ActiveCfg = Release|Any CPU
		{F10C0B9C-49D3-468B-4EC4-F69FFFF4FB31}.Release|Any CPU.Build.0 = Release|Any CPU
		{A670D5B7-D86B-C3F3-B891-6F75CB58C891}.Debug|Any CPU.ActiveCfg = Debug|Any CPU
		{A670D5B7-D86B-C3F3-B891-6F75CB58C891}.Debug|Any CPU.Build.0 = Debug|Any CPU
		{A670D5B7-D86B-C3F3-B891-6F75CB58C891}.Release|Any CPU.ActiveCfg = Release|Any CPU
		{A670D5B7-D86B-C3F3-B891-6F75CB58C891}.Release|Any CPU.Build.0 = Release|Any CPU
		{223FC4AE-1ED0-DF33-BE27-B5986D215311}.Debug|Any CPU.ActiveCfg = Debug|Any CPU
		{223FC4AE-1ED0-DF33-BE27-B5986D215311}.Debug|Any CPU.Build.0 = Debug|Any CPU
		{223FC4AE-1ED0-DF33-BE27-B5986D215311}.Release|Any CPU.ActiveCfg = Release|Any CPU
		{223FC4AE-1ED0-DF33-BE27-B5986D215311}.Release|Any CPU.Build.0 = Release|Any CPU
		{B27AF912-BCEC-15D3-34B5-BF547249D11A}.Debug|Any CPU.ActiveCfg = Debug|Any CPU
		{B27AF912-BCEC-15D3-34B5-BF547249D11A}.Debug|Any CPU.Build.0 = Debug|Any CPU
		{B27AF912-BCEC-15D3-34B5-BF547249D11A}.Release|Any CPU.ActiveCfg = Release|Any CPU
		{B27AF912-BCEC-15D3-34B5-BF547249D11A}.Release|Any CPU.Build.0 = Release|Any CPU
		{3E87E650-1A3C-A1DE-87AE-8C13A873A7FF}.Debug|Any CPU.ActiveCfg = Debug|Any CPU
		{3E87E650-1A3C-A1DE-87AE-8C13A873A7FF}.Debug|Any CPU.Build.0 = Debug|Any CPU
		{3E87E650-1A3C-A1DE-87AE-8C13A873A7FF}.Release|Any CPU.ActiveCfg = Release|Any CPU
		{3E87E650-1A3C-A1DE-87AE-8C13A873A7FF}.Release|Any CPU.Build.0 = Release|Any CPU
		{4B69C4CD-5CC6-03C9-8E0B-0211D99BAFAB}.Debug|Any CPU.ActiveCfg = Debug|Any CPU
		{4B69C4CD-5CC6-03C9-8E0B-0211D99BAFAB}.Debug|Any CPU.Build.0 = Debug|Any CPU
		{4B69C4CD-5CC6-03C9-8E0B-0211D99BAFAB}.Release|Any CPU.ActiveCfg = Release|Any CPU
		{4B69C4CD-5CC6-03C9-8E0B-0211D99BAFAB}.Release|Any CPU.Build.0 = Release|Any CPU
		{AD5EA292-F6A1-CE9A-EB5E-F6D80076F2A3}.Debug|Any CPU.ActiveCfg = Debug|Any CPU
		{AD5EA292-F6A1-CE9A-EB5E-F6D80076F2A3}.Debug|Any CPU.Build.0 = Debug|Any CPU
		{AD5EA292-F6A1-CE9A-EB5E-F6D80076F2A3}.Release|Any CPU.ActiveCfg = Release|Any CPU
		{AD5EA292-F6A1-CE9A-EB5E-F6D80076F2A3}.Release|Any CPU.Build.0 = Release|Any CPU
		{23FA1033-596B-2EB3-E0B1-AA4550D5170A}.Debug|Any CPU.ActiveCfg = Debug|Any CPU
		{23FA1033-596B-2EB3-E0B1-AA4550D5170A}.Debug|Any CPU.Build.0 = Debug|Any CPU
		{23FA1033-596B-2EB3-E0B1-AA4550D5170A}.Release|Any CPU.ActiveCfg = Release|Any CPU
		{23FA1033-596B-2EB3-E0B1-AA4550D5170A}.Release|Any CPU.Build.0 = Release|Any CPU
		{EDD8F6A3-6948-684A-D3C7-604D81107BE9}.Debug|Any CPU.ActiveCfg = Debug|Any CPU
		{EDD8F6A3-6948-684A-D3C7-604D81107BE9}.Debug|Any CPU.Build.0 = Debug|Any CPU
		{EDD8F6A3-6948-684A-D3C7-604D81107BE9}.Release|Any CPU.ActiveCfg = Release|Any CPU
		{EDD8F6A3-6948-684A-D3C7-604D81107BE9}.Release|Any CPU.Build.0 = Release|Any CPU
		{32110EBE-669E-3BC6-F714-635C14632986}.Debug|Any CPU.ActiveCfg = Debug|Any CPU
		{32110EBE-669E-3BC6-F714-635C14632986}.Debug|Any CPU.Build.0 = Debug|Any CPU
		{32110EBE-669E-3BC6-F714-635C14632986}.Release|Any CPU.ActiveCfg = Release|Any CPU
		{32110EBE-669E-3BC6-F714-635C14632986}.Release|Any CPU.Build.0 = Release|Any CPU
		{54DBB4F5-F22C-9C05-BE82-3D6EBB2233FE}.Debug|Any CPU.ActiveCfg = Debug|Any CPU
		{54DBB4F5-F22C-9C05-BE82-3D6EBB2233FE}.Debug|Any CPU.Build.0 = Debug|Any CPU
		{54DBB4F5-F22C-9C05-BE82-3D6EBB2233FE}.Release|Any CPU.ActiveCfg = Release|Any CPU
		{54DBB4F5-F22C-9C05-BE82-3D6EBB2233FE}.Release|Any CPU.Build.0 = Release|Any CPU
		{B3EB8C47-B3F3-3D76-B9DD-DCFFADDDF693}.Debug|Any CPU.ActiveCfg = Debug|Any CPU
		{B3EB8C47-B3F3-3D76-B9DD-DCFFADDDF693}.Debug|Any CPU.Build.0 = Debug|Any CPU
		{B3EB8C47-B3F3-3D76-B9DD-DCFFADDDF693}.Release|Any CPU.ActiveCfg = Release|Any CPU
		{B3EB8C47-B3F3-3D76-B9DD-DCFFADDDF693}.Release|Any CPU.Build.0 = Release|Any CPU
		{007A189E-7F63-AF47-875A-0E5907B48BFB}.Debug|Any CPU.ActiveCfg = Debug|Any CPU
		{007A189E-7F63-AF47-875A-0E5907B48BFB}.Debug|Any CPU.Build.0 = Debug|Any CPU
		{007A189E-7F63-AF47-875A-0E5907B48BFB}.Release|Any CPU.ActiveCfg = Release|Any CPU
		{007A189E-7F63-AF47-875A-0E5907B48BFB}.Release|Any CPU.Build.0 = Release|Any CPU
		{7F57BEDE-B5E8-1B08-B56A-BAAA79A4EB21}.Debug|Any CPU.ActiveCfg = Debug|Any CPU
		{7F57BEDE-B5E8-1B08-B56A-BAAA79A4EB21}.Debug|Any CPU.Build.0 = Debug|Any CPU
		{7F57BEDE-B5E8-1B08-B56A-BAAA79A4EB21}.Release|Any CPU.ActiveCfg = Release|Any CPU
		{7F57BEDE-B5E8-1B08-B56A-BAAA79A4EB21}.Release|Any CPU.Build.0 = Release|Any CPU
		{7F27D120-81AC-208E-D78D-16B44208A187}.Debug|Any CPU.ActiveCfg = Debug|Any CPU
		{7F27D120-81AC-208E-D78D-16B44208A187}.Debug|Any CPU.Build.0 = Debug|Any CPU
		{7F27D120-81AC-208E-D78D-16B44208A187}.Release|Any CPU.ActiveCfg = Release|Any CPU
		{7F27D120-81AC-208E-D78D-16B44208A187}.Release|Any CPU.Build.0 = Release|Any CPU
		{03445C2E-C108-EDA4-D58C-7934BDD04D7B}.Debug|Any CPU.ActiveCfg = Debug|Any CPU
		{03445C2E-C108-EDA4-D58C-7934BDD04D7B}.Debug|Any CPU.Build.0 = Debug|Any CPU
		{03445C2E-C108-EDA4-D58C-7934BDD04D7B}.Release|Any CPU.ActiveCfg = Release|Any CPU
		{03445C2E-C108-EDA4-D58C-7934BDD04D7B}.Release|Any CPU.Build.0 = Release|Any CPU
		{5DC2F73A-0D12-02A2-8DA5-EB51F4BA8FBD}.Debug|Any CPU.ActiveCfg = Debug|Any CPU
		{5DC2F73A-0D12-02A2-8DA5-EB51F4BA8FBD}.Debug|Any CPU.Build.0 = Debug|Any CPU
		{5DC2F73A-0D12-02A2-8DA5-EB51F4BA8FBD}.Release|Any CPU.ActiveCfg = Release|Any CPU
		{5DC2F73A-0D12-02A2-8DA5-EB51F4BA8FBD}.Release|Any CPU.Build.0 = Release|Any CPU
		{09D54128-9995-9659-A484-F51DA93FACCD}.Debug|Any CPU.ActiveCfg = Debug|Any CPU
		{09D54128-9995-9659-A484-F51DA93FACCD}.Debug|Any CPU.Build.0 = Debug|Any CPU
		{09D54128-9995-9659-A484-F51DA93FACCD}.Release|Any CPU.ActiveCfg = Release|Any CPU
		{09D54128-9995-9659-A484-F51DA93FACCD}.Release|Any CPU.Build.0 = Release|Any CPU
		{84C5FD93-A39B-8887-FC9E-ECF48E15D159}.Debug|Any CPU.ActiveCfg = Debug|Any CPU
		{84C5FD93-A39B-8887-FC9E-ECF48E15D159}.Debug|Any CPU.Build.0 = Debug|Any CPU
		{84C5FD93-A39B-8887-FC9E-ECF48E15D159}.Release|Any CPU.ActiveCfg = Release|Any CPU
		{84C5FD93-A39B-8887-FC9E-ECF48E15D159}.Release|Any CPU.Build.0 = Release|Any CPU
		{9B4A7AC1-8688-958F-BB73-9D9C66704460}.Debug|Any CPU.ActiveCfg = Debug|Any CPU
		{9B4A7AC1-8688-958F-BB73-9D9C66704460}.Debug|Any CPU.Build.0 = Debug|Any CPU
		{9B4A7AC1-8688-958F-BB73-9D9C66704460}.Release|Any CPU.ActiveCfg = Release|Any CPU
		{9B4A7AC1-8688-958F-BB73-9D9C66704460}.Release|Any CPU.Build.0 = Release|Any CPU
		{8281EB1B-7C02-0DF5-C504-71255A918612}.Debug|Any CPU.ActiveCfg = Debug|Any CPU
		{8281EB1B-7C02-0DF5-C504-71255A918612}.Debug|Any CPU.Build.0 = Debug|Any CPU
		{8281EB1B-7C02-0DF5-C504-71255A918612}.Release|Any CPU.ActiveCfg = Release|Any CPU
		{8281EB1B-7C02-0DF5-C504-71255A918612}.Release|Any CPU.Build.0 = Release|Any CPU
		{FA8472E1-81B9-2629-3773-0BD83AE6442B}.Debug|Any CPU.ActiveCfg = Debug|Any CPU
		{FA8472E1-81B9-2629-3773-0BD83AE6442B}.Debug|Any CPU.Build.0 = Debug|Any CPU
		{FA8472E1-81B9-2629-3773-0BD83AE6442B}.Release|Any CPU.ActiveCfg = Release|Any CPU
		{FA8472E1-81B9-2629-3773-0BD83AE6442B}.Release|Any CPU.Build.0 = Release|Any CPU
		{790EA26F-CEFF-3253-894C-E2356A5C0596}.Debug|Any CPU.ActiveCfg = Debug|Any CPU
		{790EA26F-CEFF-3253-894C-E2356A5C0596}.Debug|Any CPU.Build.0 = Debug|Any CPU
		{790EA26F-CEFF-3253-894C-E2356A5C0596}.Release|Any CPU.ActiveCfg = Release|Any CPU
		{790EA26F-CEFF-3253-894C-E2356A5C0596}.Release|Any CPU.Build.0 = Release|Any CPU
		{8F5C41F1-2B91-0460-F6CA-EF67E62B59E1}.Debug|Any CPU.ActiveCfg = Debug|Any CPU
		{8F5C41F1-2B91-0460-F6CA-EF67E62B59E1}.Debug|Any CPU.Build.0 = Debug|Any CPU
		{8F5C41F1-2B91-0460-F6CA-EF67E62B59E1}.Release|Any CPU.ActiveCfg = Release|Any CPU
		{8F5C41F1-2B91-0460-F6CA-EF67E62B59E1}.Release|Any CPU.Build.0 = Release|Any CPU
		{42C98B57-80F5-BBA3-A1F1-548B881F4C50}.Debug|Any CPU.ActiveCfg = Debug|Any CPU
		{42C98B57-80F5-BBA3-A1F1-548B881F4C50}.Debug|Any CPU.Build.0 = Debug|Any CPU
		{42C98B57-80F5-BBA3-A1F1-548B881F4C50}.Release|Any CPU.ActiveCfg = Release|Any CPU
		{42C98B57-80F5-BBA3-A1F1-548B881F4C50}.Release|Any CPU.Build.0 = Release|Any CPU
		{FCACA7F7-FE41-CA65-FD58-9DEAAC381E66}.Debug|Any CPU.ActiveCfg = Debug|Any CPU
		{FCACA7F7-FE41-CA65-FD58-9DEAAC381E66}.Debug|Any CPU.Build.0 = Debug|Any CPU
		{FCACA7F7-FE41-CA65-FD58-9DEAAC381E66}.Release|Any CPU.ActiveCfg = Release|Any CPU
		{FCACA7F7-FE41-CA65-FD58-9DEAAC381E66}.Release|Any CPU.Build.0 = Release|Any CPU
		{B495F6A9-1AF3-FD44-C0FA-701DBBBFD686}.Debug|Any CPU.ActiveCfg = Debug|Any CPU
		{B495F6A9-1AF3-FD44-C0FA-701DBBBFD686}.Debug|Any CPU.Build.0 = Debug|Any CPU
		{B495F6A9-1AF3-FD44-C0FA-701DBBBFD686}.Release|Any CPU.ActiveCfg = Release|Any CPU
		{B495F6A9-1AF3-FD44-C0FA-701DBBBFD686}.Release|Any CPU.Build.0 = Release|Any CPU
		{8CDE17B1-D554-6A32-6A7B-CB035D25EC84}.Debug|Any CPU.ActiveCfg = Debug|Any CPU
		{8CDE17B1-D554-6A32-6A7B-CB035D25EC84}.Debug|Any CPU.Build.0 = Debug|Any CPU
		{8CDE17B1-D554-6A32-6A7B-CB035D25EC84}.Release|Any CPU.ActiveCfg = Release|Any CPU
		{8CDE17B1-D554-6A32-6A7B-CB035D25EC84}.Release|Any CPU.Build.0 = Release|Any CPU
		{012684FD-24FC-37A6-7FCC-A59D33EA8448}.Debug|Any CPU.ActiveCfg = Debug|Any CPU
		{012684FD-24FC-37A6-7FCC-A59D33EA8448}.Debug|Any CPU.Build.0 = Debug|Any CPU
		{012684FD-24FC-37A6-7FCC-A59D33EA8448}.Release|Any CPU.ActiveCfg = Release|Any CPU
		{012684FD-24FC-37A6-7FCC-A59D33EA8448}.Release|Any CPU.Build.0 = Release|Any CPU
		{B69E803F-D78E-AD6A-B437-48CA73296B1A}.Debug|Any CPU.ActiveCfg = Debug|Any CPU
		{B69E803F-D78E-AD6A-B437-48CA73296B1A}.Debug|Any CPU.Build.0 = Debug|Any CPU
		{B69E803F-D78E-AD6A-B437-48CA73296B1A}.Release|Any CPU.ActiveCfg = Release|Any CPU
		{B69E803F-D78E-AD6A-B437-48CA73296B1A}.Release|Any CPU.Build.0 = Release|Any CPU
		{2D09A99C-A78E-D4A5-E617-D24948C7F8D8}.Debug|Any CPU.ActiveCfg = Debug|Any CPU
		{2D09A99C-A78E-D4A5-E617-D24948C7F8D8}.Debug|Any CPU.Build.0 = Debug|Any CPU
		{2D09A99C-A78E-D4A5-E617-D24948C7F8D8}.Release|Any CPU.ActiveCfg = Release|Any CPU
		{2D09A99C-A78E-D4A5-E617-D24948C7F8D8}.Release|Any CPU.Build.0 = Release|Any CPU
		{88705B95-7597-A680-3D71-99F4A8AAD11F}.Debug|Any CPU.ActiveCfg = Debug|Any CPU
		{88705B95-7597-A680-3D71-99F4A8AAD11F}.Debug|Any CPU.Build.0 = Debug|Any CPU
		{88705B95-7597-A680-3D71-99F4A8AAD11F}.Release|Any CPU.ActiveCfg = Release|Any CPU
		{88705B95-7597-A680-3D71-99F4A8AAD11F}.Release|Any CPU.Build.0 = Release|Any CPU
		{702A515E-4E92-5D88-72BE-90BDCEE8A88C}.Debug|Any CPU.ActiveCfg = Debug|Any CPU
		{702A515E-4E92-5D88-72BE-90BDCEE8A88C}.Debug|Any CPU.Build.0 = Debug|Any CPU
		{702A515E-4E92-5D88-72BE-90BDCEE8A88C}.Release|Any CPU.ActiveCfg = Release|Any CPU
		{702A515E-4E92-5D88-72BE-90BDCEE8A88C}.Release|Any CPU.Build.0 = Release|Any CPU
		{C026DCE7-B936-C45E-E68B-CEA84D42982E}.Debug|Any CPU.ActiveCfg = Debug|Any CPU
		{C026DCE7-B936-C45E-E68B-CEA84D42982E}.Debug|Any CPU.Build.0 = Debug|Any CPU
		{C026DCE7-B936-C45E-E68B-CEA84D42982E}.Release|Any CPU.ActiveCfg = Release|Any CPU
		{C026DCE7-B936-C45E-E68B-CEA84D42982E}.Release|Any CPU.Build.0 = Release|Any CPU
		{A2035A3E-4CBD-9174-E48C-55C47C80360E}.Debug|Any CPU.ActiveCfg = Debug|Any CPU
		{A2035A3E-4CBD-9174-E48C-55C47C80360E}.Debug|Any CPU.Build.0 = Debug|Any CPU
		{A2035A3E-4CBD-9174-E48C-55C47C80360E}.Release|Any CPU.ActiveCfg = Release|Any CPU
		{A2035A3E-4CBD-9174-E48C-55C47C80360E}.Release|Any CPU.Build.0 = Release|Any CPU
		{35E73A6B-B60B-B266-55B6-DDB4AFF14730}.Debug|Any CPU.ActiveCfg = Debug|Any CPU
		{35E73A6B-B60B-B266-55B6-DDB4AFF14730}.Debug|Any CPU.Build.0 = Debug|Any CPU
		{35E73A6B-B60B-B266-55B6-DDB4AFF14730}.Release|Any CPU.ActiveCfg = Release|Any CPU
		{35E73A6B-B60B-B266-55B6-DDB4AFF14730}.Release|Any CPU.Build.0 = Release|Any CPU
		{34F26859-70BA-A2E8-6ED2-76D5CEF89D5F}.Debug|Any CPU.ActiveCfg = Debug|Any CPU
		{34F26859-70BA-A2E8-6ED2-76D5CEF89D5F}.Debug|Any CPU.Build.0 = Debug|Any CPU
		{34F26859-70BA-A2E8-6ED2-76D5CEF89D5F}.Release|Any CPU.ActiveCfg = Release|Any CPU
		{34F26859-70BA-A2E8-6ED2-76D5CEF89D5F}.Release|Any CPU.Build.0 = Release|Any CPU
		{FDB5F274-6D2D-A913-2FD4-E5C0968EDD1D}.Debug|Any CPU.ActiveCfg = Debug|Any CPU
		{FDB5F274-6D2D-A913-2FD4-E5C0968EDD1D}.Debug|Any CPU.Build.0 = Debug|Any CPU
		{FDB5F274-6D2D-A913-2FD4-E5C0968EDD1D}.Release|Any CPU.ActiveCfg = Release|Any CPU
		{FDB5F274-6D2D-A913-2FD4-E5C0968EDD1D}.Release|Any CPU.Build.0 = Release|Any CPU
		{DCCC2EED-AE7D-71F4-8B22-96D5598D70AA}.Debug|Any CPU.ActiveCfg = Debug|Any CPU
		{DCCC2EED-AE7D-71F4-8B22-96D5598D70AA}.Debug|Any CPU.Build.0 = Debug|Any CPU
		{DCCC2EED-AE7D-71F4-8B22-96D5598D70AA}.Release|Any CPU.ActiveCfg = Release|Any CPU
		{DCCC2EED-AE7D-71F4-8B22-96D5598D70AA}.Release|Any CPU.Build.0 = Release|Any CPU
	EndGlobalSection
	GlobalSection(SolutionProperties) = preSolution
		HideSolutionNode = FALSE
	EndGlobalSection
EndGlobal
