
Microsoft Visual Studio Solution File, Format Version 12.00
# Visual Studio Version 16
VisualStudioVersion = 16.0.30204.135
MinimumVisualStudioVersion = 10.0.40219.1
Project("{9A19103F-16F7-4668-BE54-9A1E7A4F7556}") = "MondoDbTemplate.Server", "Server\MondoDbTemplate.Server.csproj", "{6409E4FC-6A72-4FBF-B504-64D339827A1E}"
EndProject
Project("{9A19103F-16F7-4668-BE54-9A1E7A4F7556}") = "MondoDbTemplate.Client", "Client\MondoDbTemplate.Client.csproj", "{63CDDF96-1204-46CE-B52D-7D44380BCF39}"
EndProject
Project("{9A19103F-16F7-4668-BE54-9A1E7A4F7556}") = "MondoDbTemplate.Shared", "Shared\MondoDbTemplate.Shared.csproj", "{3AB95AA7-FF7D-4D63-A523-5FE2CC4885C1}"
EndProject
Project("{2150E333-8FDC-42A3-9474-1A3956D46DE8}") = "Solution Items", "Solution Items", "{124FFEFD-84DC-4BA8-AA7C-5BF222C3F379}"
	ProjectSection(SolutionItems) = preProject
		README.md = README.md
	EndProjectSection
EndProject
Global
	GlobalSection(SolutionConfigurationPlatforms) = preSolution
		Debug|Any CPU = Debug|Any CPU
		Release|Any CPU = Release|Any CPU
	EndGlobalSection
	GlobalSection(ProjectConfigurationPlatforms) = postSolution
		{6409E4FC-6A72-4FBF-B504-64D339827A1E}.Debug|Any CPU.ActiveCfg = Debug|Any CPU
		{6409E4FC-6A72-4FBF-B504-64D339827A1E}.Debug|Any CPU.Build.0 = Debug|Any CPU
		{6409E4FC-6A72-4FBF-B504-64D339827A1E}.Release|Any CPU.ActiveCfg = Release|Any CPU
		{6409E4FC-6A72-4FBF-B504-64D339827A1E}.Release|Any CPU.Build.0 = Release|Any CPU
		{63CDDF96-1204-46CE-B52D-7D44380BCF39}.Debug|Any CPU.ActiveCfg = Debug|Any CPU
		{63CDDF96-1204-46CE-B52D-7D44380BCF39}.Debug|Any CPU.Build.0 = Debug|Any CPU
		{63CDDF96-1204-46CE-B52D-7D44380BCF39}.Release|Any CPU.ActiveCfg = Release|Any CPU
		{63CDDF96-1204-46CE-B52D-7D44380BCF39}.Release|Any CPU.Build.0 = Release|Any CPU
		{3AB95AA7-FF7D-4D63-A523-5FE2CC4885C1}.Debug|Any CPU.ActiveCfg = Debug|Any CPU
		{3AB95AA7-FF7D-4D63-A523-5FE2CC4885C1}.Debug|Any CPU.Build.0 = Debug|Any CPU
		{3AB95AA7-FF7D-4D63-A523-5FE2CC4885C1}.Release|Any CPU.ActiveCfg = Release|Any CPU
		{3AB95AA7-FF7D-4D63-A523-5FE2CC4885C1}.Release|Any CPU.Build.0 = Release|Any CPU
	EndGlobalSection
	GlobalSection(SolutionProperties) = preSolution
		HideSolutionNode = FALSE
	EndGlobalSection
	GlobalSection(ExtensibilityGlobals) = postSolution
		SolutionGuid = {C1A28001-D19A-47EC-BE5A-96E157CA9A53}
	EndGlobalSection
EndGlobal
